{
  "nodes": {
    "amber-flake": {
      "inputs": {
        "flake-utils": "flake-utils_2",
        "nixpkgs": "nixpkgs_3"
      },
      "locked": {
        "lastModified": 1770637537,
        "narHash": "sha256-zCANcBEj6mjFTy9g6jOODbwVxisV/TsAg5IHa23DefU=",
        "path": "/mnt/sda3/alexandersn/Work/md/amber/nix",
        "type": "path"
      },
      "original": {
        "path": "/mnt/sda3/alexandersn/Work/md/amber/nix",
        "type": "path"
      }
    },
    "flake-parts": {
      "inputs": {
        "nixpkgs-lib": [
          "nixvim",
          "nixpkgs"
        ]
      },
      "locked": {
        "lastModified": 1765835352,
        "narHash": "sha256-XswHlK/Qtjasvhd1nOa1e8MgZ8GS//jBoTqWtrS1Giw=",
        "owner": "hercules-ci",
        "repo": "flake-parts",
        "rev": "a34fae9c08a15ad73f295041fec82323541400a9",
        "type": "github"
      },
      "original": {
        "owner": "hercules-ci",
        "repo": "flake-parts",
        "type": "github"
      }
    },
    "flake-utils": {
      "inputs": {
        "systems": "systems"
      },
      "locked": {
        "lastModified": 1731533236,
        "narHash": "sha256-l0KFg5HjrsfsO/JpG+r7fRrqm12kzFHyUHqHCVpMMbI=",
        "owner": "numtide",
        "repo": "flake-utils",
        "rev": "11707dc2f618dd54ca8739b309ec4fc024de578b",
        "type": "github"
      },
      "original": {
        "owner": "numtide",
        "repo": "flake-utils",
        "type": "github"
      }
    },
    "flake-utils_2": {
      "inputs": {
        "systems": "systems_3"
      },
      "locked": {
        "lastModified": 1731533236,
        "narHash": "sha256-l0KFg5HjrsfsO/JpG+r7fRrqm12kzFHyUHqHCVpMMbI=",
        "owner": "numtide",
        "repo": "flake-utils",
        "rev": "11707dc2f618dd54ca8739b309ec4fc024de578b",
        "type": "github"
      },
      "original": {
        "owner": "numtide",
        "repo": "flake-utils",
        "type": "github"
      }
    },
    "flake-utils_3": {
      "inputs": {
        "systems": "systems_4"
      },
      "locked": {
        "lastModified": 1731533236,
        "narHash": "sha256-l0KFg5HjrsfsO/JpG+r7fRrqm12kzFHyUHqHCVpMMbI=",
        "owner": "numtide",
        "repo": "flake-utils",
        "rev": "11707dc2f618dd54ca8739b309ec4fc024de578b",
        "type": "github"
      },
      "original": {
        "owner": "numtide",
        "repo": "flake-utils",
        "type": "github"
      }
    },
    "nixpkgs": {
      "locked": {
        "lastModified": 1768773494,
        "narHash": "sha256-XsM7GP3jHlephymxhDE+/TKKO1Q16phz/vQiLBGhpF4=",
        "owner": "nixos",
        "repo": "nixpkgs",
        "rev": "77ef7a29d276c6d8303aece3444d61118ef71ac2",
        "type": "github"
      },
      "original": {
        "owner": "nixos",
        "ref": "nixos-25.11",
        "repo": "nixpkgs",
        "type": "github"
      }
    },
    "nixpkgs_2": {
      "locked": {
        "lastModified": 1767026758,
        "narHash": "sha256-7fsac/f7nh/VaKJ/qm3I338+wAJa/3J57cOGpXi0Sbg=",
        "owner": "NixOS",
        "repo": "nixpkgs",
        "rev": "346dd96ad74dc4457a9db9de4f4f57dab2e5731d",
        "type": "github"
      },
      "original": {
        "owner": "NixOS",
        "ref": "nixpkgs-unstable",
        "repo": "nixpkgs",
        "type": "github"
      }
    },
    "nixpkgs_3": {
      "locked": {
        "lastModified": 1770464364,
        "narHash": "sha256-z5NJPSBwsLf/OfD8WTmh79tlSU8XgIbwmk6qB1/TFzY=",
        "owner": "NixOS",
        "repo": "nixpkgs",
        "rev": "23d72dabcb3b12469f57b37170fcbc1789bd7457",
        "type": "github"
      },
      "original": {
        "owner": "NixOS",
        "ref": "nixos-25.11",
        "repo": "nixpkgs",
        "type": "github"
      }
    },
    "nixpkgs_4": {
      "locked": {
        "lastModified": 1770464364,
        "narHash": "sha256-z5NJPSBwsLf/OfD8WTmh79tlSU8XgIbwmk6qB1/TFzY=",
        "owner": "NixOS",
        "repo": "nixpkgs",
        "rev": "23d72dabcb3b12469f57b37170fcbc1789bd7457",
        "type": "github"
      },
      "original": {
        "owner": "NixOS",
        "ref": "nixos-25.11",
        "repo": "nixpkgs",
        "type": "github"
      }
    },
    "nixvim": {
      "inputs": {
        "flake-parts": "flake-parts",
        "nixpkgs": "nixpkgs_2",
        "systems": "systems_2"
      },
      "locked": {
        "lastModified": 1768910181,
        "narHash": "sha256-YRU0IHMzXluZxr0JDfq9jtblb4DV7MIB5wj2jYMFKQc=",
        "owner": "nix-community",
        "repo": "nixvim",
        "rev": "5b138edcb2f1c3ed4b29eca3658f04f0639b98b3",
        "type": "github"
      },
      "original": {
        "owner": "nix-community",
        "repo": "nixvim",
        "type": "github"
      }
    },
    "openff-flake": {
      "inputs": {
        "amber-flake": "amber-flake",
        "flake-utils": "flake-utils_3",
        "nixpkgs": "nixpkgs_4",
        "openff-forcefields-src": "openff-forcefields-src",
        "openff-interchange-src": "openff-interchange-src",
        "openff-toolkit-src": "openff-toolkit-src",
        "openff-units-src": "openff-units-src",
        "openff-utilities-src": "openff-utilities-src"
      },
      "locked": {
        "lastModified": 1770641396,
        "narHash": "sha256-ijaUxqFnI9TbXuxJ/lVo5039oWQ9r3awDz0wtrv244Q=",
        "path": "/mnt/sda3/alexandersn/Work/moncarlo/openff-toolkit-dev",
        "type": "path"
      },
      "original": {
        "path": "/mnt/sda3/alexandersn/Work/moncarlo/openff-toolkit-dev",
        "type": "path"
      }
    },
    "openff-forcefields-src": {
      "flake": false,
      "locked": {
        "lastModified": 1768280172,
        "narHash": "sha256-yoVp40JEWNdZlpESuhy2JhSXKSWpJ8HIeFNGZmkjziA=",
        "owner": "openforcefield",
        "repo": "openff-forcefields",
        "rev": "9a3459e4e4e91654e1c58f7062f664476db7b9f9",
        "type": "github"
      },
      "original": {
        "owner": "openforcefield",
        "repo": "openff-forcefields",
        "type": "github"
      }
    },
    "openff-interchange-src": {
      "flake": false,
      "locked": {
        "lastModified": 1770407452,
        "narHash": "sha256-e9fV7JJDu4VxkjHAiRf6WcWXnE57UstHFUF+o6uRHrY=",
        "owner": "openforcefield",
        "repo": "openff-interchange",
        "rev": "0228adb5d76a750147d92f0051a4a9cc029c6bb0",
        "type": "github"
      },
      "original": {
        "owner": "openforcefield",
        "repo": "openff-interchange",
        "type": "github"
      }
    },
    "openff-toolkit-src": {
      "flake": false,
      "locked": {
        "lastModified": 1768931875,
        "narHash": "sha256-Y1xdOQcL+nZY/9Wg0cDPCsbDlLJhlXTPHlZiWB0YztI=",
        "owner": "openforcefield",
        "repo": "openff-toolkit",
        "rev": "1017880c2c63b4fbff5aa43b079508d50b987dd0",
        "type": "github"
      },
      "original": {
        "owner": "openforcefield",
        "repo": "openff-toolkit",
        "type": "github"
      }
    },
    "openff-units-src": {
      "flake": false,
      "locked": {
        "lastModified": 1770062038,
        "narHash": "sha256-v3QFG9f/3tMv7UpnCoCpe756RBzG0lTfVMi4mVdD8S8=",
        "owner": "openforcefield",
        "repo": "openff-units",
        "rev": "6c5c625a76f0faa942da0d5a345bfe1bad869120",
        "type": "github"
      },
      "original": {
        "owner": "openforcefield",
        "repo": "openff-units",
        "type": "github"
      }
    },
    "openff-utilities-src": {
      "flake": false,
      "locked": {
        "lastModified": 1769619234,
        "narHash": "sha256-b4OwwMWG6ykRaDzenO59qIloc+WYOiHsEydMQLtbTXU=",
        "owner": "openforcefield",
        "repo": "openff-utilities",
        "rev": "2ef33a6bfc409ca36a27f900e801643c0f28595c",
        "type": "github"
      },
      "original": {
        "owner": "openforcefield",
        "repo": "openff-utilities",
        "type": "github"
      }
    },
    "root": {
      "inputs": {
        "flake-utils": "flake-utils",
        "nixpkgs": "nixpkgs",
        "nixvim": "nixvim",
        "openff-flake": "openff-flake"
      }
    },
    "systems": {
      "locked": {
        "lastModified": 1681028828,
        "narHash": "sha256-Vy1rq5AaRuLzOxct8nz4T6wlgyUR7zLU309k9mBC768=",
        "owner": "nix-systems",
        "repo": "default",
        "rev": "da67096a3b9bf56a91d16901293e51ba5b49a27e",
        "type": "github"
      },
      "original": {
        "owner": "nix-systems",
        "repo": "default",
        "type": "github"
      }
    },
    "systems_2": {
      "locked": {
        "lastModified": 1681028828,
        "narHash": "sha256-Vy1rq5AaRuLzOxct8nz4T6wlgyUR7zLU309k9mBC768=",
        "owner": "nix-systems",
        "repo": "default",
        "rev": "da67096a3b9bf56a91d16901293e51ba5b49a27e",
        "type": "github"
      },
      "original": {
        "owner": "nix-systems",
        "repo": "default",
        "type": "github"
      }
    },
    "systems_3": {
      "locked": {
        "lastModified": 1681028828,
        "narHash": "sha256-Vy1rq5AaRuLzOxct8nz4T6wlgyUR7zLU309k9mBC768=",
        "owner": "nix-systems",
        "repo": "default",
        "rev": "da67096a3b9bf56a91d16901293e51ba5b49a27e",
        "type": "github"
      },
      "original": {
        "owner": "nix-systems",
        "repo": "default",
        "type": "github"
      }
    },
    "systems_4": {
      "locked": {
        "lastModified": 1681028828,
        "narHash": "sha256-Vy1rq5AaRuLzOxct8nz4T6wlgyUR7zLU309k9mBC768=",
        "owner": "nix-systems",
        "repo": "default",
        "rev": "da67096a3b9bf56a91d16901293e51ba5b49a27e",
        "type": "github"
      },
      "original": {
        "owner": "nix-systems",
        "repo": "default",
        "type": "github"
      }
    }
  },
  "root": "root",
  "version": 7
}
